hash: e04442fa072536cce16e53994684b6c547f79cf46656d348dfd7d75d83b628b4
updated: 2017-05-22T21:36:16.600596754+09:00
imports:
- name: github.com/codegangsta/cli
  version: d70f47eeca3afd795160003bc6e28b001d60c67c
- name: github.com/dgrijalva/jwt-go
  version: 6c8dedd55f8a2e41f605de6d5d66e51ed1f299fc
- name: github.com/elazarl/go-bindata-assetfs
  version: 30f82fa23fd844bd5bb1e5f216db87fd77b5eb43
- name: github.com/go-ini/ini
  version: afbc45e87f3ba324c532d12c71918ef52e0fb194
- name: github.com/golang/mock
  version: bd3c8e81be01eef76d4b503f5e687d2d1354d2d9
  subpackages:
  - gomock
- name: github.com/golang/protobuf
  version: fec3b39b059c0f88fa6b20f5ed012b1aa203a8b4
  subpackages:
  - proto
  - ptypes/any
- name: github.com/itsjamie/go-bindata-templates
  version: 78f87e838df0fb89dbcd26e1489f988cd7bc3bb8
- name: github.com/labstack/echo
  version: 3359eae3067d1f6dba4785ea0377796405a34429
  subpackages:
  - middleware
- name: github.com/labstack/gommon
  version: 1121fd3e243c202482226a7afe4dcd07ffc4139a
  subpackages:
  - bytes
  - color
  - log
  - random
- name: github.com/mattn/go-colorable
  version: ded68f7a9561c023e790de24279db7ebf473ea80
- name: github.com/mattn/go-isatty
  version: fc9e8d8ef48496124e79ae0df75490096eccf6fe
- name: github.com/nu7hatch/gouuid
  version: 179d4d0c4d8d407a32af483c2354df1d2c91e6c3
- name: github.com/olebedev/config
  version: afea898d27c7d17376ecc60c7c2e73c76b40060e
- name: github.com/pkg/errors
  version: 645ef00459ed84a119197bfb8d8205042c6df63d
- name: github.com/valyala/bytebufferpool
  version: e746df99fe4a3986f4d4f79e13c1e0117ce9c2f7
- name: github.com/valyala/fasttemplate
  version: dcecefd839c4193db0d35b88ec65b4c12d360ab0
- name: golang.org/x/crypto
  version: 0fe963104e9d1877082f8fb38f816fcd97eb1d10
  subpackages:
  - acme
  - acme/autocert
- name: golang.org/x/net
  version: 513929065c19401a1c7b76ecd942f9f86a0c061b
  subpackages:
  - context
  - http2
  - http2/hpack
  - idna
  - internal/timeseries
  - lex/httplex
  - trace
- name: golang.org/x/sys
  version: dbc2be9168a660ef302e04b6ff6406de6f967473
  subpackages:
  - unix
- name: golang.org/x/text
  version: 19e51611da83d6be54ddafce4a4af510cb3e9ea4
  subpackages:
  - secure/bidirule
  - transform
  - unicode/bidi
  - unicode/norm
- name: google.golang.org/genproto
  version: bb3573be0c484136831138976d444b8754777aff
  subpackages:
  - googleapis/rpc/status
- name: google.golang.org/grpc
  version: 9bf8ea0a8282ebecd1aa474c926e3028f5c22a4c
  subpackages:
  - codes
  - credentials
  - grpclb/grpc_lb_v1
  - grpclog
  - internal
  - keepalive
  - metadata
  - naming
  - peer
  - stats
  - status
  - tap
  - transport
testImports: []
